// !$*UTF8*$!
{
	archiveVersion = 1;
	classes = {
	};
	objectVersion = 56;
	objects = {

/* Begin PBXBuildFile section */
		561BC6C22B9BA41000551518 /* ViewModel.swift in Sources */ = {isa = PBXBuildFile; fileRef = 561BC6C12B9BA41000551518 /* ViewModel.swift */; };
		56C5970C2B9A1D9300BBB64D /* SignUpView.swift in Sources */ = {isa = PBXBuildFile; fileRef = 56C5970B2B9A1D9300BBB64D /* SignUpView.swift */; };
		56C597102B9AA52500BBB64D /* ProfileView.swift in Sources */ = {isa = PBXBuildFile; fileRef = 56C5970F2B9AA52500BBB64D /* ProfileView.swift */; };
		56C597132B9ADECD00BBB64D /* FirebaseAnalytics in Frameworks */ = {isa = PBXBuildFile; productRef = 56C597122B9ADECD00BBB64D /* FirebaseAnalytics */; };
		56C597152B9ADECD00BBB64D /* FirebaseAnalyticsOnDeviceConversion in Frameworks */ = {isa = PBXBuildFile; productRef = 56C597142B9ADECD00BBB64D /* FirebaseAnalyticsOnDeviceConversion */; };
		56C597172B9ADECD00BBB64D /* FirebaseAnalyticsSwift in Frameworks */ = {isa = PBXBuildFile; productRef = 56C597162B9ADECD00BBB64D /* FirebaseAnalyticsSwift */; };
		56C597192B9ADECD00BBB64D /* FirebaseAnalyticsWithoutAdIdSupport in Frameworks */ = {isa = PBXBuildFile; productRef = 56C597182B9ADECD00BBB64D /* FirebaseAnalyticsWithoutAdIdSupport */; };
		56C5971B2B9ADECD00BBB64D /* FirebaseAppCheck in Frameworks */ = {isa = PBXBuildFile; productRef = 56C5971A2B9ADECD00BBB64D /* FirebaseAppCheck */; };
		56C5971D2B9ADECD00BBB64D /* FirebaseAppDistribution-Beta in Frameworks */ = {isa = PBXBuildFile; productRef = 56C5971C2B9ADECD00BBB64D /* FirebaseAppDistribution-Beta */; };
		56C5971F2B9ADECD00BBB64D /* FirebaseAuth in Frameworks */ = {isa = PBXBuildFile; productRef = 56C5971E2B9ADECD00BBB64D /* FirebaseAuth */; };
		56C597212B9ADECD00BBB64D /* FirebaseAuthCombine-Community in Frameworks */ = {isa = PBXBuildFile; productRef = 56C597202B9ADECD00BBB64D /* FirebaseAuthCombine-Community */; };
		56C597232B9ADECD00BBB64D /* FirebaseCrashlytics in Frameworks */ = {isa = PBXBuildFile; productRef = 56C597222B9ADECD00BBB64D /* FirebaseCrashlytics */; };
		56C597252B9ADECD00BBB64D /* FirebaseDatabase in Frameworks */ = {isa = PBXBuildFile; productRef = 56C597242B9ADECD00BBB64D /* FirebaseDatabase */; };
		56C597272B9ADECD00BBB64D /* FirebaseDatabaseSwift in Frameworks */ = {isa = PBXBuildFile; productRef = 56C597262B9ADECD00BBB64D /* FirebaseDatabaseSwift */; };
		56C597292B9ADECD00BBB64D /* FirebaseDynamicLinks in Frameworks */ = {isa = PBXBuildFile; productRef = 56C597282B9ADECD00BBB64D /* FirebaseDynamicLinks */; };
		56C5972B2B9ADECD00BBB64D /* FirebaseFirestore in Frameworks */ = {isa = PBXBuildFile; productRef = 56C5972A2B9ADECD00BBB64D /* FirebaseFirestore */; };
		56C5972D2B9ADECD00BBB64D /* FirebaseFirestoreCombine-Community in Frameworks */ = {isa = PBXBuildFile; productRef = 56C5972C2B9ADECD00BBB64D /* FirebaseFirestoreCombine-Community */; };
		56C5972F2B9ADECD00BBB64D /* FirebaseFirestoreSwift in Frameworks */ = {isa = PBXBuildFile; productRef = 56C5972E2B9ADECD00BBB64D /* FirebaseFirestoreSwift */; };
		56C597312B9ADECD00BBB64D /* FirebaseFunctions in Frameworks */ = {isa = PBXBuildFile; productRef = 56C597302B9ADECD00BBB64D /* FirebaseFunctions */; };
		56C597332B9ADECD00BBB64D /* FirebaseFunctionsCombine-Community in Frameworks */ = {isa = PBXBuildFile; productRef = 56C597322B9ADECD00BBB64D /* FirebaseFunctionsCombine-Community */; };
		56C597352B9ADECD00BBB64D /* FirebaseInAppMessaging-Beta in Frameworks */ = {isa = PBXBuildFile; productRef = 56C597342B9ADECD00BBB64D /* FirebaseInAppMessaging-Beta */; };
		56C597372B9ADECD00BBB64D /* FirebaseInAppMessagingSwift-Beta in Frameworks */ = {isa = PBXBuildFile; productRef = 56C597362B9ADECD00BBB64D /* FirebaseInAppMessagingSwift-Beta */; };
		56C597392B9ADECD00BBB64D /* FirebaseInstallations in Frameworks */ = {isa = PBXBuildFile; productRef = 56C597382B9ADECD00BBB64D /* FirebaseInstallations */; };
		56C5973B2B9ADECD00BBB64D /* FirebaseMLModelDownloader in Frameworks */ = {isa = PBXBuildFile; productRef = 56C5973A2B9ADECD00BBB64D /* FirebaseMLModelDownloader */; };
		56C5973D2B9ADECD00BBB64D /* FirebaseMessaging in Frameworks */ = {isa = PBXBuildFile; productRef = 56C5973C2B9ADECD00BBB64D /* FirebaseMessaging */; };
		56C5973F2B9ADECD00BBB64D /* FirebasePerformance in Frameworks */ = {isa = PBXBuildFile; productRef = 56C5973E2B9ADECD00BBB64D /* FirebasePerformance */; };
		56C597412B9ADECD00BBB64D /* FirebaseRemoteConfig in Frameworks */ = {isa = PBXBuildFile; productRef = 56C597402B9ADECD00BBB64D /* FirebaseRemoteConfig */; };
		56C597432B9ADECD00BBB64D /* FirebaseRemoteConfigSwift in Frameworks */ = {isa = PBXBuildFile; productRef = 56C597422B9ADECD00BBB64D /* FirebaseRemoteConfigSwift */; };
		56C597452B9ADECD00BBB64D /* FirebaseStorage in Frameworks */ = {isa = PBXBuildFile; productRef = 56C597442B9ADECD00BBB64D /* FirebaseStorage */; };
		56C597472B9ADECD00BBB64D /* FirebaseStorageCombine-Community in Frameworks */ = {isa = PBXBuildFile; productRef = 56C597462B9ADECD00BBB64D /* FirebaseStorageCombine-Community */; };
		56C597492B9AE12700BBB64D /* GoogleService-Info.plist in Resources */ = {isa = PBXBuildFile; fileRef = 56C597482B9AE12700BBB64D /* GoogleService-Info.plist */; };
		9C398A2E2B86745A00B590DB /* HomeView.swift in Sources */ = {isa = PBXBuildFile; fileRef = 9C398A2D2B86745A00B590DB /* HomeView.swift */; };
		9C398A302B86779900B590DB /* FAQView.swift in Sources */ = {isa = PBXBuildFile; fileRef = 9C398A2F2B86779900B590DB /* FAQView.swift */; };
		9C398A322B8D220000B590DB /* MeditationView.swift in Sources */ = {isa = PBXBuildFile; fileRef = 9C398A312B8D220000B590DB /* MeditationView.swift */; };
		9C398A352B8D290200B590DB /* YouTubePlayerKit in Frameworks */ = {isa = PBXBuildFile; productRef = 9C398A342B8D290200B590DB /* YouTubePlayerKit */; };
		9C398A372B8D36B200B590DB /* MyNavigationButton.swift in Sources */ = {isa = PBXBuildFile; fileRef = 9C398A362B8D36B200B590DB /* MyNavigationButton.swift */; };
		9C6EF7B22B7D6830000F4A55 /* PhantomLimbApp.swift in Sources */ = {isa = PBXBuildFile; fileRef = 9C6EF7B12B7D6830000F4A55 /* PhantomLimbApp.swift */; };
		9C6EF7B82B7D6832000F4A55 /* Assets.xcassets in Resources */ = {isa = PBXBuildFile; fileRef = 9C6EF7B72B7D6832000F4A55 /* Assets.xcassets */; };
		9C6EF7BB2B7D6832000F4A55 /* Preview Assets.xcassets in Resources */ = {isa = PBXBuildFile; fileRef = 9C6EF7BA2B7D6832000F4A55 /* Preview Assets.xcassets */; };
		9C6EF7C42B844F1E000F4A55 /* LoginPageView.swift in Sources */ = {isa = PBXBuildFile; fileRef = 9C6EF7C32B844F1E000F4A55 /* LoginPageView.swift */; };
		9C6EF7C92B85B44C000F4A55 /* User.swift in Sources */ = {isa = PBXBuildFile; fileRef = 9C6EF7C82B85B44C000F4A55 /* User.swift */; };
		9C6EF7CB2B8664B9000F4A55 /* MainPageView.swift in Sources */ = {isa = PBXBuildFile; fileRef = 9C6EF7CA2B8664B9000F4A55 /* MainPageView.swift */; };
		9C6EF7CD2B86653E000F4A55 /* ContentView.swift in Sources */ = {isa = PBXBuildFile; fileRef = 9C6EF7CC2B86653E000F4A55 /* ContentView.swift */; };
		9C7BDDFD2BAD292D006DEBCB /* ReminderHandler.swift in Sources */ = {isa = PBXBuildFile; fileRef = 9C7BDDFC2BAD292D006DEBCB /* ReminderHandler.swift */; };
		9C8EA3912B9A6375002D7E43 /* TherapyView.swift in Sources */ = {isa = PBXBuildFile; fileRef = 9C8EA3902B9A6375002D7E43 /* TherapyView.swift */; };
		9C8EA3932B9A6629002D7E43 /* MirrorTherapyView.swift in Sources */ = {isa = PBXBuildFile; fileRef = 9C8EA3922B9A6629002D7E43 /* MirrorTherapyView.swift */; };
		9C8EA3972B9A67B6002D7E43 /* MyCapsuleButton.swift in Sources */ = {isa = PBXBuildFile; fileRef = 9C8EA3962B9A67B6002D7E43 /* MyCapsuleButton.swift */; };
		9C8EA3992B9B8005002D7E43 /* Camera.swift in Sources */ = {isa = PBXBuildFile; fileRef = 9C8EA3982B9B8005002D7E43 /* Camera.swift */; };
		9C8EA39B2B9B8103002D7E43 /* CameraHandler.swift in Sources */ = {isa = PBXBuildFile; fileRef = 9C8EA39A2B9B8103002D7E43 /* CameraHandler.swift */; };
		9C8EA39D2B9B850C002D7E43 /* CameraView.swift in Sources */ = {isa = PBXBuildFile; fileRef = 9C8EA39C2B9B850C002D7E43 /* CameraView.swift */; };
/* End PBXBuildFile section */

/* Begin PBXFileReference section */
		561BC6C12B9BA41000551518 /* ViewModel.swift */ = {isa = PBXFileReference; lastKnownFileType = sourcecode.swift; path = ViewModel.swift; sourceTree = "<group>"; };
		56C5970B2B9A1D9300BBB64D /* SignUpView.swift */ = {isa = PBXFileReference; lastKnownFileType = sourcecode.swift; path = SignUpView.swift; sourceTree = "<group>"; };
		56C5970F2B9AA52500BBB64D /* ProfileView.swift */ = {isa = PBXFileReference; lastKnownFileType = sourcecode.swift; path = ProfileView.swift; sourceTree = "<group>"; };
		56C597482B9AE12700BBB64D /* GoogleService-Info.plist */ = {isa = PBXFileReference; fileEncoding = 4; lastKnownFileType = text.plist.xml; path = "GoogleService-Info.plist"; sourceTree = "<group>"; };
		9C398A2D2B86745A00B590DB /* HomeView.swift */ = {isa = PBXFileReference; lastKnownFileType = sourcecode.swift; path = HomeView.swift; sourceTree = "<group>"; };
		9C398A2F2B86779900B590DB /* FAQView.swift */ = {isa = PBXFileReference; lastKnownFileType = sourcecode.swift; path = FAQView.swift; sourceTree = "<group>"; };
		9C398A312B8D220000B590DB /* MeditationView.swift */ = {isa = PBXFileReference; lastKnownFileType = sourcecode.swift; path = MeditationView.swift; sourceTree = "<group>"; };
		9C398A362B8D36B200B590DB /* MyNavigationButton.swift */ = {isa = PBXFileReference; lastKnownFileType = sourcecode.swift; path = MyNavigationButton.swift; sourceTree = "<group>"; };
		9C6EF7AE2B7D6830000F4A55 /* PhantomLimb.app */ = {isa = PBXFileReference; explicitFileType = wrapper.application; includeInIndex = 0; path = PhantomLimb.app; sourceTree = BUILT_PRODUCTS_DIR; };
		9C6EF7B12B7D6830000F4A55 /* PhantomLimbApp.swift */ = {isa = PBXFileReference; lastKnownFileType = sourcecode.swift; path = PhantomLimbApp.swift; sourceTree = "<group>"; };
		9C6EF7B72B7D6832000F4A55 /* Assets.xcassets */ = {isa = PBXFileReference; lastKnownFileType = folder.assetcatalog; path = Assets.xcassets; sourceTree = "<group>"; };
		9C6EF7BA2B7D6832000F4A55 /* Preview Assets.xcassets */ = {isa = PBXFileReference; lastKnownFileType = folder.assetcatalog; path = "Preview Assets.xcassets"; sourceTree = "<group>"; };
		9C6EF7C32B844F1E000F4A55 /* LoginPageView.swift */ = {isa = PBXFileReference; lastKnownFileType = sourcecode.swift; path = LoginPageView.swift; sourceTree = "<group>"; };
		9C6EF7C82B85B44C000F4A55 /* User.swift */ = {isa = PBXFileReference; lastKnownFileType = sourcecode.swift; path = User.swift; sourceTree = "<group>"; };
		9C6EF7CA2B8664B9000F4A55 /* MainPageView.swift */ = {isa = PBXFileReference; lastKnownFileType = sourcecode.swift; path = MainPageView.swift; sourceTree = "<group>"; };
		9C6EF7CC2B86653E000F4A55 /* ContentView.swift */ = {isa = PBXFileReference; lastKnownFileType = sourcecode.swift; path = ContentView.swift; sourceTree = "<group>"; };
		9C7BDDFC2BAD292D006DEBCB /* ReminderHandler.swift */ = {isa = PBXFileReference; lastKnownFileType = sourcecode.swift; path = ReminderHandler.swift; sourceTree = "<group>"; };
		9C8EA3902B9A6375002D7E43 /* TherapyView.swift */ = {isa = PBXFileReference; lastKnownFileType = sourcecode.swift; path = TherapyView.swift; sourceTree = "<group>"; };
		9C8EA3922B9A6629002D7E43 /* MirrorTherapyView.swift */ = {isa = PBXFileReference; lastKnownFileType = sourcecode.swift; path = MirrorTherapyView.swift; sourceTree = "<group>"; };
		9C8EA3962B9A67B6002D7E43 /* MyCapsuleButton.swift */ = {isa = PBXFileReference; lastKnownFileType = sourcecode.swift; path = MyCapsuleButton.swift; sourceTree = "<group>"; };
		9C8EA3982B9B8005002D7E43 /* Camera.swift */ = {isa = PBXFileReference; lastKnownFileType = sourcecode.swift; path = Camera.swift; sourceTree = "<group>"; };
		9C8EA39A2B9B8103002D7E43 /* CameraHandler.swift */ = {isa = PBXFileReference; lastKnownFileType = sourcecode.swift; path = CameraHandler.swift; sourceTree = "<group>"; };
		9C8EA39C2B9B850C002D7E43 /* CameraView.swift */ = {isa = PBXFileReference; lastKnownFileType = sourcecode.swift; path = CameraView.swift; sourceTree = "<group>"; };
		9C8EA39E2B9BB4DF002D7E43 /* Info.plist */ = {isa = PBXFileReference; lastKnownFileType = text.plist; path = Info.plist; sourceTree = "<group>"; };
/* End PBXFileReference section */

/* Begin PBXFrameworksBuildPhase section */
		9C6EF7AB2B7D6830000F4A55 /* Frameworks */ = {
			isa = PBXFrameworksBuildPhase;
			buildActionMask = 2147483647;
			files = (
				56C597312B9ADECD00BBB64D /* FirebaseFunctions in Frameworks */,
				56C597272B9ADECD00BBB64D /* FirebaseDatabaseSwift in Frameworks */,
				56C597372B9ADECD00BBB64D /* FirebaseInAppMessagingSwift-Beta in Frameworks */,
				56C5973D2B9ADECD00BBB64D /* FirebaseMessaging in Frameworks */,
				56C5971D2B9ADECD00BBB64D /* FirebaseAppDistribution-Beta in Frameworks */,
				56C597212B9ADECD00BBB64D /* FirebaseAuthCombine-Community in Frameworks */,
				56C5972D2B9ADECD00BBB64D /* FirebaseFirestoreCombine-Community in Frameworks */,
				56C597172B9ADECD00BBB64D /* FirebaseAnalyticsSwift in Frameworks */,
				56C5973B2B9ADECD00BBB64D /* FirebaseMLModelDownloader in Frameworks */,
				56C597192B9ADECD00BBB64D /* FirebaseAnalyticsWithoutAdIdSupport in Frameworks */,
				56C597132B9ADECD00BBB64D /* FirebaseAnalytics in Frameworks */,
				56C5972F2B9ADECD00BBB64D /* FirebaseFirestoreSwift in Frameworks */,
				56C597152B9ADECD00BBB64D /* FirebaseAnalyticsOnDeviceConversion in Frameworks */,
				56C5971B2B9ADECD00BBB64D /* FirebaseAppCheck in Frameworks */,
				56C5973F2B9ADECD00BBB64D /* FirebasePerformance in Frameworks */,
				56C597352B9ADECD00BBB64D /* FirebaseInAppMessaging-Beta in Frameworks */,
				56C597332B9ADECD00BBB64D /* FirebaseFunctionsCombine-Community in Frameworks */,
				56C597232B9ADECD00BBB64D /* FirebaseCrashlytics in Frameworks */,
				56C597392B9ADECD00BBB64D /* FirebaseInstallations in Frameworks */,
				56C597412B9ADECD00BBB64D /* FirebaseRemoteConfig in Frameworks */,
				56C597452B9ADECD00BBB64D /* FirebaseStorage in Frameworks */,
				56C597252B9ADECD00BBB64D /* FirebaseDatabase in Frameworks */,
				56C597472B9ADECD00BBB64D /* FirebaseStorageCombine-Community in Frameworks */,
				9C398A352B8D290200B590DB /* YouTubePlayerKit in Frameworks */,
				56C5971F2B9ADECD00BBB64D /* FirebaseAuth in Frameworks */,
				56C597292B9ADECD00BBB64D /* FirebaseDynamicLinks in Frameworks */,
				56C5972B2B9ADECD00BBB64D /* FirebaseFirestore in Frameworks */,
				56C597432B9ADECD00BBB64D /* FirebaseRemoteConfigSwift in Frameworks */,
			);
			runOnlyForDeploymentPostprocessing = 0;
		};
/* End PBXFrameworksBuildPhase section */

/* Begin PBXGroup section */
		9C6EF7A52B7D6830000F4A55 = {
			isa = PBXGroup;
			children = (
				9C6EF7B02B7D6830000F4A55 /* PhantomLimb */,
				9C6EF7AF2B7D6830000F4A55 /* Products */,
			);
			sourceTree = "<group>";
		};
		9C6EF7AF2B7D6830000F4A55 /* Products */ = {
			isa = PBXGroup;
			children = (
				9C6EF7AE2B7D6830000F4A55 /* PhantomLimb.app */,
			);
			name = Products;
			sourceTree = "<group>";
		};
		9C6EF7B02B7D6830000F4A55 /* PhantomLimb */ = {
			isa = PBXGroup;
			children = (
				9C8EA39E2B9BB4DF002D7E43 /* Info.plist */,
				9C6EF7B12B7D6830000F4A55 /* PhantomLimbApp.swift */,
				9C6EF7C12B8436C4000F4A55 /* View */,
				9C6EF7C22B8436D2000F4A55 /* Model */,
				9C6EF7C52B845323000F4A55 /* Support */,
				9C6EF7B72B7D6832000F4A55 /* Assets.xcassets */,
				56C597482B9AE12700BBB64D /* GoogleService-Info.plist */,
				9C6EF7B92B7D6832000F4A55 /* Preview Content */,
			);
			path = PhantomLimb;
			sourceTree = "<group>";
		};
		9C6EF7B92B7D6832000F4A55 /* Preview Content */ = {
			isa = PBXGroup;
			children = (
				9C6EF7BA2B7D6832000F4A55 /* Preview Assets.xcassets */,
			);
			path = "Preview Content";
			sourceTree = "<group>";
		};
		9C6EF7C12B8436C4000F4A55 /* View */ = {
			isa = PBXGroup;
			children = (
				9C6EF7C32B844F1E000F4A55 /* LoginPageView.swift */,
				56C5970B2B9A1D9300BBB64D /* SignUpView.swift */,
				9C6EF7CA2B8664B9000F4A55 /* MainPageView.swift */,
				9C6EF7CC2B86653E000F4A55 /* ContentView.swift */,
				56C5970F2B9AA52500BBB64D /* ProfileView.swift */,
				9C398A2D2B86745A00B590DB /* HomeView.swift */,
				9C398A2F2B86779900B590DB /* FAQView.swift */,
				9C398A312B8D220000B590DB /* MeditationView.swift */,
				9C8EA3902B9A6375002D7E43 /* TherapyView.swift */,
				9C8EA3922B9A6629002D7E43 /* MirrorTherapyView.swift */,
				9C8EA39C2B9B850C002D7E43 /* CameraView.swift */,
			);
			path = View;
			sourceTree = "<group>";
		};
		9C6EF7C22B8436D2000F4A55 /* Model */ = {
			isa = PBXGroup;
			children = (
				561BC6C12B9BA41000551518 /* ViewModel.swift */,
				9C6EF7C82B85B44C000F4A55 /* User.swift */,
				9C8EA3982B9B8005002D7E43 /* Camera.swift */,
				9C8EA39A2B9B8103002D7E43 /* CameraHandler.swift */,
				9C7BDDFC2BAD292D006DEBCB /* ReminderHandler.swift */,
			);
			path = Model;
			sourceTree = "<group>";
		};
		9C6EF7C52B845323000F4A55 /* Support */ = {
			isa = PBXGroup;
			children = (
				9C398A362B8D36B200B590DB /* MyNavigationButton.swift */,
				9C8EA3962B9A67B6002D7E43 /* MyCapsuleButton.swift */,
			);
			path = Support;
			sourceTree = "<group>";
		};
/* End PBXGroup section */

/* Begin PBXNativeTarget section */
		9C6EF7AD2B7D6830000F4A55 /* PhantomLimb */ = {
			isa = PBXNativeTarget;
			buildConfigurationList = 9C6EF7BE2B7D6832000F4A55 /* Build configuration list for PBXNativeTarget "PhantomLimb" */;
			buildPhases = (
				9C6EF7AA2B7D6830000F4A55 /* Sources */,
				9C6EF7AB2B7D6830000F4A55 /* Frameworks */,
				9C6EF7AC2B7D6830000F4A55 /* Resources */,
			);
			buildRules = (
			);
			dependencies = (
			);
			name = PhantomLimb;
			packageProductDependencies = (
				9C398A342B8D290200B590DB /* YouTubePlayerKit */,
				56C597122B9ADECD00BBB64D /* FirebaseAnalytics */,
				56C597142B9ADECD00BBB64D /* FirebaseAnalyticsOnDeviceConversion */,
				56C597162B9ADECD00BBB64D /* FirebaseAnalyticsSwift */,
				56C597182B9ADECD00BBB64D /* FirebaseAnalyticsWithoutAdIdSupport */,
				56C5971A2B9ADECD00BBB64D /* FirebaseAppCheck */,
				56C5971C2B9ADECD00BBB64D /* FirebaseAppDistribution-Beta */,
				56C5971E2B9ADECD00BBB64D /* FirebaseAuth */,
				56C597202B9ADECD00BBB64D /* FirebaseAuthCombine-Community */,
				56C597222B9ADECD00BBB64D /* FirebaseCrashlytics */,
				56C597242B9ADECD00BBB64D /* FirebaseDatabase */,
				56C597262B9ADECD00BBB64D /* FirebaseDatabaseSwift */,
				56C597282B9ADECD00BBB64D /* FirebaseDynamicLinks */,
				56C5972A2B9ADECD00BBB64D /* FirebaseFirestore */,
				56C5972C2B9ADECD00BBB64D /* FirebaseFirestoreCombine-Community */,
				56C5972E2B9ADECD00BBB64D /* FirebaseFirestoreSwift */,
				56C597302B9ADECD00BBB64D /* FirebaseFunctions */,
				56C597322B9ADECD00BBB64D /* FirebaseFunctionsCombine-Community */,
				56C597342B9ADECD00BBB64D /* FirebaseInAppMessaging-Beta */,
				56C597362B9ADECD00BBB64D /* FirebaseInAppMessagingSwift-Beta */,
				56C597382B9ADECD00BBB64D /* FirebaseInstallations */,
				56C5973A2B9ADECD00BBB64D /* FirebaseMLModelDownloader */,
				56C5973C2B9ADECD00BBB64D /* FirebaseMessaging */,
				56C5973E2B9ADECD00BBB64D /* FirebasePerformance */,
				56C597402B9ADECD00BBB64D /* FirebaseRemoteConfig */,
				56C597422B9ADECD00BBB64D /* FirebaseRemoteConfigSwift */,
				56C597442B9ADECD00BBB64D /* FirebaseStorage */,
				56C597462B9ADECD00BBB64D /* FirebaseStorageCombine-Community */,
			);
			productName = PhantomLimb;
			productReference = 9C6EF7AE2B7D6830000F4A55 /* PhantomLimb.app */;
			productType = "com.apple.product-type.application";
		};
/* End PBXNativeTarget section */

/* Begin PBXProject section */
		9C6EF7A62B7D6830000F4A55 /* Project object */ = {
			isa = PBXProject;
			attributes = {
				BuildIndependentTargetsInParallel = 1;
				LastSwiftUpdateCheck = 1520;
				LastUpgradeCheck = 1520;
				TargetAttributes = {
					9C6EF7AD2B7D6830000F4A55 = {
						CreatedOnToolsVersion = 15.2;
					};
				};
			};
			buildConfigurationList = 9C6EF7A92B7D6830000F4A55 /* Build configuration list for PBXProject "PhantomLimb" */;
			compatibilityVersion = "Xcode 14.0";
			developmentRegion = en;
			hasScannedForEncodings = 0;
			knownRegions = (
				en,
				Base,
			);
			mainGroup = 9C6EF7A52B7D6830000F4A55;
			packageReferences = (
				9C398A332B8D290200B590DB /* XCRemoteSwiftPackageReference "YouTubePlayerKit" */,
				56C597112B9ADECC00BBB64D /* XCRemoteSwiftPackageReference "firebase-ios-sdk" */,
			);
			productRefGroup = 9C6EF7AF2B7D6830000F4A55 /* Products */;
			projectDirPath = "";
			projectRoot = "";
			targets = (
				9C6EF7AD2B7D6830000F4A55 /* PhantomLimb */,
			);
		};
/* End PBXProject section */

/* Begin PBXResourcesBuildPhase section */
		9C6EF7AC2B7D6830000F4A55 /* Resources */ = {
			isa = PBXResourcesBuildPhase;
			buildActionMask = 2147483647;
			files = (
				9C6EF7BB2B7D6832000F4A55 /* Preview Assets.xcassets in Resources */,
				9C6EF7B82B7D6832000F4A55 /* Assets.xcassets in Resources */,
				56C597492B9AE12700BBB64D /* GoogleService-Info.plist in Resources */,
			);
			runOnlyForDeploymentPostprocessing = 0;
		};
/* End PBXResourcesBuildPhase section */

/* Begin PBXSourcesBuildPhase section */
		9C6EF7AA2B7D6830000F4A55 /* Sources */ = {
			isa = PBXSourcesBuildPhase;
			buildActionMask = 2147483647;
			files = (
				9C398A322B8D220000B590DB /* MeditationView.swift in Sources */,
				9C8EA3932B9A6629002D7E43 /* MirrorTherapyView.swift in Sources */,
				9C6EF7B22B7D6830000F4A55 /* PhantomLimbApp.swift in Sources */,
				9C8EA39D2B9B850C002D7E43 /* CameraView.swift in Sources */,
				9C7BDDFD2BAD292D006DEBCB /* ReminderHandler.swift in Sources */,
				9C6EF7CD2B86653E000F4A55 /* ContentView.swift in Sources */,
				9C398A372B8D36B200B590DB /* MyNavigationButton.swift in Sources */,
				9C8EA3912B9A6375002D7E43 /* TherapyView.swift in Sources */,
				9C6EF7C42B844F1E000F4A55 /* LoginPageView.swift in Sources */,
				9C8EA39B2B9B8103002D7E43 /* CameraHandler.swift in Sources */,
				9C8EA3972B9A67B6002D7E43 /* MyCapsuleButton.swift in Sources */,
				9C398A2E2B86745A00B590DB /* HomeView.swift in Sources */,
				56C5970C2B9A1D9300BBB64D /* SignUpView.swift in Sources */,
				9C398A302B86779900B590DB /* FAQView.swift in Sources */,
				9C8EA3992B9B8005002D7E43 /* Camera.swift in Sources */,
				9C6EF7CB2B8664B9000F4A55 /* MainPageView.swift in Sources */,
				56C597102B9AA52500BBB64D /* ProfileView.swift in Sources */,
				561BC6C22B9BA41000551518 /* ViewModel.swift in Sources */,
				9C6EF7C92B85B44C000F4A55 /* User.swift in Sources */,
			);
			runOnlyForDeploymentPostprocessing = 0;
		};
/* End PBXSourcesBuildPhase section */

/* Begin XCBuildConfiguration section */
		9C6EF7BC2B7D6832000F4A55 /* Debug */ = {
			isa = XCBuildConfiguration;
			buildSettings = {
				ALWAYS_SEARCH_USER_PATHS = NO;
				ASSETCATALOG_COMPILER_GENERATE_SWIFT_ASSET_SYMBOL_EXTENSIONS = YES;
				CLANG_ANALYZER_NONNULL = YES;
				CLANG_ANALYZER_NUMBER_OBJECT_CONVERSION = YES_AGGRESSIVE;
				CLANG_CXX_LANGUAGE_STANDARD = "gnu++20";
				CLANG_ENABLE_MODULES = YES;
				CLANG_ENABLE_OBJC_ARC = YES;
				CLANG_ENABLE_OBJC_WEAK = YES;
				CLANG_WARN_BLOCK_CAPTURE_AUTORELEASING = YES;
				CLANG_WARN_BOOL_CONVERSION = YES;
				CLANG_WARN_COMMA = YES;
				CLANG_WARN_CONSTANT_CONVERSION = YES;
				CLANG_WARN_DEPRECATED_OBJC_IMPLEMENTATIONS = YES;
				CLANG_WARN_DIRECT_OBJC_ISA_USAGE = YES_ERROR;
				CLANG_WARN_DOCUMENTATION_COMMENTS = YES;
				CLANG_WARN_EMPTY_BODY = YES;
				CLANG_WARN_ENUM_CONVERSION = YES;
				CLANG_WARN_INFINITE_RECURSION = YES;
				CLANG_WARN_INT_CONVERSION = YES;
				CLANG_WARN_NON_LITERAL_NULL_CONVERSION = YES;
				CLANG_WARN_OBJC_IMPLICIT_RETAIN_SELF = YES;
				CLANG_WARN_OBJC_LITERAL_CONVERSION = YES;
				CLANG_WARN_OBJC_ROOT_CLASS = YES_ERROR;
				CLANG_WARN_QUOTED_INCLUDE_IN_FRAMEWORK_HEADER = YES;
				CLANG_WARN_RANGE_LOOP_ANALYSIS = YES;
				CLANG_WARN_STRICT_PROTOTYPES = YES;
				CLANG_WARN_SUSPICIOUS_MOVE = YES;
				CLANG_WARN_UNGUARDED_AVAILABILITY = YES_AGGRESSIVE;
				CLANG_WARN_UNREACHABLE_CODE = YES;
				CLANG_WARN__DUPLICATE_METHOD_MATCH = YES;
				COPY_PHASE_STRIP = NO;
				DEBUG_INFORMATION_FORMAT = dwarf;
				ENABLE_STRICT_OBJC_MSGSEND = YES;
				ENABLE_TESTABILITY = YES;
				ENABLE_USER_SCRIPT_SANDBOXING = YES;
				GCC_C_LANGUAGE_STANDARD = gnu17;
				GCC_DYNAMIC_NO_PIC = NO;
				GCC_NO_COMMON_BLOCKS = YES;
				GCC_OPTIMIZATION_LEVEL = 0;
				GCC_PREPROCESSOR_DEFINITIONS = (
					"DEBUG=1",
					"$(inherited)",
				);
				GCC_WARN_64_TO_32_BIT_CONVERSION = YES;
				GCC_WARN_ABOUT_RETURN_TYPE = YES_ERROR;
				GCC_WARN_UNDECLARED_SELECTOR = YES;
				GCC_WARN_UNINITIALIZED_AUTOS = YES_AGGRESSIVE;
				GCC_WARN_UNUSED_FUNCTION = YES;
				GCC_WARN_UNUSED_VARIABLE = YES;
				IPHONEOS_DEPLOYMENT_TARGET = 17.2;
				LOCALIZATION_PREFERS_STRING_CATALOGS = YES;
				MTL_ENABLE_DEBUG_INFO = INCLUDE_SOURCE;
				MTL_FAST_MATH = YES;
				ONLY_ACTIVE_ARCH = YES;
				SDKROOT = iphoneos;
				SWIFT_ACTIVE_COMPILATION_CONDITIONS = "DEBUG $(inherited)";
				SWIFT_OPTIMIZATION_LEVEL = "-Onone";
			};
			name = Debug;
		};
		9C6EF7BD2B7D6832000F4A55 /* Release */ = {
			isa = XCBuildConfiguration;
			buildSettings = {
				ALWAYS_SEARCH_USER_PATHS = NO;
				ASSETCATALOG_COMPILER_GENERATE_SWIFT_ASSET_SYMBOL_EXTENSIONS = YES;
				CLANG_ANALYZER_NONNULL = YES;
				CLANG_ANALYZER_NUMBER_OBJECT_CONVERSION = YES_AGGRESSIVE;
				CLANG_CXX_LANGUAGE_STANDARD = "gnu++20";
				CLANG_ENABLE_MODULES = YES;
				CLANG_ENABLE_OBJC_ARC = YES;
				CLANG_ENABLE_OBJC_WEAK = YES;
				CLANG_WARN_BLOCK_CAPTURE_AUTORELEASING = YES;
				CLANG_WARN_BOOL_CONVERSION = YES;
				CLANG_WARN_COMMA = YES;
				CLANG_WARN_CONSTANT_CONVERSION = YES;
				CLANG_WARN_DEPRECATED_OBJC_IMPLEMENTATIONS = YES;
				CLANG_WARN_DIRECT_OBJC_ISA_USAGE = YES_ERROR;
				CLANG_WARN_DOCUMENTATION_COMMENTS = YES;
				CLANG_WARN_EMPTY_BODY = YES;
				CLANG_WARN_ENUM_CONVERSION = YES;
				CLANG_WARN_INFINITE_RECURSION = YES;
				CLANG_WARN_INT_CONVERSION = YES;
				CLANG_WARN_NON_LITERAL_NULL_CONVERSION = YES;
				CLANG_WARN_OBJC_IMPLICIT_RETAIN_SELF = YES;
				CLANG_WARN_OBJC_LITERAL_CONVERSION = YES;
				CLANG_WARN_OBJC_ROOT_CLASS = YES_ERROR;
				CLANG_WARN_QUOTED_INCLUDE_IN_FRAMEWORK_HEADER = YES;
				CLANG_WARN_RANGE_LOOP_ANALYSIS = YES;
				CLANG_WARN_STRICT_PROTOTYPES = YES;
				CLANG_WARN_SUSPICIOUS_MOVE = YES;
				CLANG_WARN_UNGUARDED_AVAILABILITY = YES_AGGRESSIVE;
				CLANG_WARN_UNREACHABLE_CODE = YES;
				CLANG_WARN__DUPLICATE_METHOD_MATCH = YES;
				COPY_PHASE_STRIP = NO;
				DEBUG_INFORMATION_FORMAT = "dwarf-with-dsym";
				ENABLE_NS_ASSERTIONS = NO;
				ENABLE_STRICT_OBJC_MSGSEND = YES;
				ENABLE_USER_SCRIPT_SANDBOXING = YES;
				GCC_C_LANGUAGE_STANDARD = gnu17;
				GCC_NO_COMMON_BLOCKS = YES;
				GCC_WARN_64_TO_32_BIT_CONVERSION = YES;
				GCC_WARN_ABOUT_RETURN_TYPE = YES_ERROR;
				GCC_WARN_UNDECLARED_SELECTOR = YES;
				GCC_WARN_UNINITIALIZED_AUTOS = YES_AGGRESSIVE;
				GCC_WARN_UNUSED_FUNCTION = YES;
				GCC_WARN_UNUSED_VARIABLE = YES;
				IPHONEOS_DEPLOYMENT_TARGET = 17.2;
				LOCALIZATION_PREFERS_STRING_CATALOGS = YES;
				MTL_ENABLE_DEBUG_INFO = NO;
				MTL_FAST_MATH = YES;
				SDKROOT = iphoneos;
				SWIFT_COMPILATION_MODE = wholemodule;
				VALIDATE_PRODUCT = YES;
			};
			name = Release;
		};
		9C6EF7BF2B7D6832000F4A55 /* Debug */ = {
			isa = XCBuildConfiguration;
			buildSettings = {
				ASSETCATALOG_COMPILER_APPICON_NAME = AppIcon;
				ASSETCATALOG_COMPILER_GLOBAL_ACCENT_COLOR_NAME = AccentColor;
				CODE_SIGN_STYLE = Automatic;
				CURRENT_PROJECT_VERSION = 1;
				DEVELOPMENT_ASSET_PATHS = "\"PhantomLimb/Preview Content\"";
				DEVELOPMENT_TEAM = U6J58C8CJT;
				ENABLE_PREVIEWS = YES;
				GENERATE_INFOPLIST_FILE = YES;
				INFOPLIST_FILE = PhantomLimb/Info.plist;
				INFOPLIST_KEY_NSCameraUsageDescription = "This app uses camera to capture videos.";
				INFOPLIST_KEY_UIApplicationSceneManifest_Generation = YES;
				INFOPLIST_KEY_UIApplicationSupportsIndirectInputEvents = YES;
				INFOPLIST_KEY_UILaunchScreen_Generation = YES;
				INFOPLIST_KEY_UISupportedInterfaceOrientations_iPad = "UIInterfaceOrientationPortrait UIInterfaceOrientationPortraitUpsideDown UIInterfaceOrientationLandscapeLeft UIInterfaceOrientationLandscapeRight";
				INFOPLIST_KEY_UISupportedInterfaceOrientations_iPhone = "UIInterfaceOrientationPortrait UIInterfaceOrientationLandscapeLeft UIInterfaceOrientationLandscapeRight";
				LD_RUNPATH_SEARCH_PATHS = (
					"$(inherited)",
					"@executable_path/Frameworks",
				);
				MARKETING_VERSION = 1.0;
				PRODUCT_BUNDLE_IDENTIFIER = edu.duke.xz353.PhantomLimb;
				PRODUCT_NAME = "$(TARGET_NAME)";
				SWIFT_EMIT_LOC_STRINGS = YES;
				SWIFT_VERSION = 5.0;
				TARGETED_DEVICE_FAMILY = "1,2";
			};
			name = Debug;
		};
		9C6EF7C02B7D6832000F4A55 /* Release */ = {
			isa = XCBuildConfiguration;
			buildSettings = {
				ASSETCATALOG_COMPILER_APPICON_NAME = AppIcon;
				ASSETCATALOG_COMPILER_GLOBAL_ACCENT_COLOR_NAME = AccentColor;
				CODE_SIGN_STYLE = Automatic;
				CURRENT_PROJECT_VERSION = 1;
				DEVELOPMENT_ASSET_PATHS = "\"PhantomLimb/Preview Content\"";
				DEVELOPMENT_TEAM = U6J58C8CJT;
				ENABLE_PREVIEWS = YES;
				GENERATE_INFOPLIST_FILE = YES;
				INFOPLIST_FILE = PhantomLimb/Info.plist;
				INFOPLIST_KEY_NSCameraUsageDescription = "This app uses camera to capture videos.";
				INFOPLIST_KEY_UIApplicationSceneManifest_Generation = YES;
				INFOPLIST_KEY_UIApplicationSupportsIndirectInputEvents = YES;
				INFOPLIST_KEY_UILaunchScreen_Generation = YES;
				INFOPLIST_KEY_UISupportedInterfaceOrientations_iPad = "UIInterfaceOrientationPortrait UIInterfaceOrientationPortraitUpsideDown UIInterfaceOrientationLandscapeLeft UIInterfaceOrientationLandscapeRight";
				INFOPLIST_KEY_UISupportedInterfaceOrientations_iPhone = "UIInterfaceOrientationPortrait UIInterfaceOrientationLandscapeLeft UIInterfaceOrientationLandscapeRight";
				LD_RUNPATH_SEARCH_PATHS = (
					"$(inherited)",
					"@executable_path/Frameworks",
				);
				MARKETING_VERSION = 1.0;
				PRODUCT_BUNDLE_IDENTIFIER = edu.duke.xz353.PhantomLimb;
				PRODUCT_NAME = "$(TARGET_NAME)";
				SWIFT_EMIT_LOC_STRINGS = YES;
				SWIFT_VERSION = 5.0;
				TARGETED_DEVICE_FAMILY = "1,2";
			};
			name = Release;
		};
/* End XCBuildConfiguration section */

/* Begin XCConfigurationList section */
		9C6EF7A92B7D6830000F4A55 /* Build configuration list for PBXProject "PhantomLimb" */ = {
			isa = XCConfigurationList;
			buildConfigurations = (
				9C6EF7BC2B7D6832000F4A55 /* Debug */,
				9C6EF7BD2B7D6832000F4A55 /* Release */,
			);
			defaultConfigurationIsVisible = 0;
			defaultConfigurationName = Release;
		};
		9C6EF7BE2B7D6832000F4A55 /* Build configuration list for PBXNativeTarget "PhantomLimb" */ = {
			isa = XCConfigurationList;
			buildConfigurations = (
				9C6EF7BF2B7D6832000F4A55 /* Debug */,
				9C6EF7C02B7D6832000F4A55 /* Release */,
			);
			defaultConfigurationIsVisible = 0;
			defaultConfigurationName = Release;
		};
/* End XCConfigurationList section */

/* Begin XCRemoteSwiftPackageReference section */
		56C597112B9ADECC00BBB64D /* XCRemoteSwiftPackageReference "firebase-ios-sdk" */ = {
			isa = XCRemoteSwiftPackageReference;
			repositoryURL = "https://github.com/firebase/firebase-ios-sdk.git";
			requirement = {
				kind = upToNextMajorVersion;
				minimumVersion = 10.22.1;
			};
		};
		9C398A332B8D290200B590DB /* XCRemoteSwiftPackageReference "YouTubePlayerKit" */ = {
			isa = XCRemoteSwiftPackageReference;
			repositoryURL = "https://github.com/SvenTiigi/YouTubePlayerKit.git";
			requirement = {
				kind = upToNextMajorVersion;
				minimumVersion = 1.7.0;
			};
		};
/* End XCRemoteSwiftPackageReference section */

/* Begin XCSwiftPackageProductDependency section */
		56C597122B9ADECD00BBB64D /* FirebaseAnalytics */ = {
			isa = XCSwiftPackageProductDependency;
			package = 56C597112B9ADECC00BBB64D /* XCRemoteSwiftPackageReference "firebase-ios-sdk" */;
			productName = FirebaseAnalytics;
		};
		56C597142B9ADECD00BBB64D /* FirebaseAnalyticsOnDeviceConversion */ = {
			isa = XCSwiftPackageProductDependency;
			package = 56C597112B9ADECC00BBB64D /* XCRemoteSwiftPackageReference "firebase-ios-sdk" */;
			productName = FirebaseAnalyticsOnDeviceConversion;
		};
		56C597162B9ADECD00BBB64D /* FirebaseAnalyticsSwift */ = {
			isa = XCSwiftPackageProductDependency;
			package = 56C597112B9ADECC00BBB64D /* XCRemoteSwiftPackageReference "firebase-ios-sdk" */;
			productName = FirebaseAnalyticsSwift;
		};
		56C597182B9ADECD00BBB64D /* FirebaseAnalyticsWithoutAdIdSupport */ = {
			isa = XCSwiftPackageProductDependency;
			package = 56C597112B9ADECC00BBB64D /* XCRemoteSwiftPackageReference "firebase-ios-sdk" */;
			productName = FirebaseAnalyticsWithoutAdIdSupport;
		};
		56C5971A2B9ADECD00BBB64D /* FirebaseAppCheck */ = {
			isa = XCSwiftPackageProductDependency;
			package = 56C597112B9ADECC00BBB64D /* XCRemoteSwiftPackageReference "firebase-ios-sdk" */;
			productName = FirebaseAppCheck;
		};
		56C5971C2B9ADECD00BBB64D /* FirebaseAppDistribution-Beta */ = {
			isa = XCSwiftPackageProductDependency;
			package = 56C597112B9ADECC00BBB64D /* XCRemoteSwiftPackageReference "firebase-ios-sdk" */;
			productName = "FirebaseAppDistribution-Beta";
		};
		56C5971E2B9ADECD00BBB64D /* FirebaseAuth */ = {
			isa = XCSwiftPackageProductDependency;
			package = 56C597112B9ADECC00BBB64D /* XCRemoteSwiftPackageReference "firebase-ios-sdk" */;
			productName = FirebaseAuth;
		};
		56C597202B9ADECD00BBB64D /* FirebaseAuthCombine-Community */ = {
			isa = XCSwiftPackageProductDependency;
			package = 56C597112B9ADECC00BBB64D /* XCRemoteSwiftPackageReference "firebase-ios-sdk" */;
			productName = "FirebaseAuthCombine-Community";
		};
		56C597222B9ADECD00BBB64D /* FirebaseCrashlytics */ = {
			isa = XCSwiftPackageProductDependency;
			package = 56C597112B9ADECC00BBB64D /* XCRemoteSwiftPackageReference "firebase-ios-sdk" */;
			productName = FirebaseCrashlytics;
		};
		56C597242B9ADECD00BBB64D /* FirebaseDatabase */ = {
			isa = XCSwiftPackageProductDependency;
			package = 56C597112B9ADECC00BBB64D /* XCRemoteSwiftPackageReference "firebase-ios-sdk" */;
			productName = FirebaseDatabase;
		};
		56C597262B9ADECD00BBB64D /* FirebaseDatabaseSwift */ = {
			isa = XCSwiftPackageProductDependency;
			package = 56C597112B9ADECC00BBB64D /* XCRemoteSwiftPackageReference "firebase-ios-sdk" */;
			productName = FirebaseDatabaseSwift;
		};
		56C597282B9ADECD00BBB64D /* FirebaseDynamicLinks */ = {
			isa = XCSwiftPackageProductDependency;
			package = 56C597112B9ADECC00BBB64D /* XCRemoteSwiftPackageReference "firebase-ios-sdk" */;
			productName = FirebaseDynamicLinks;
		};
		56C5972A2B9ADECD00BBB64D /* FirebaseFirestore */ = {
			isa = XCSwiftPackageProductDependency;
			package = 56C597112B9ADECC00BBB64D /* XCRemoteSwiftPackageReference "firebase-ios-sdk" */;
			productName = FirebaseFirestore;
		};
		56C5972C2B9ADECD00BBB64D /* FirebaseFirestoreCombine-Community */ = {
			isa = XCSwiftPackageProductDependency;
			package = 56C597112B9ADECC00BBB64D /* XCRemoteSwiftPackageReference "firebase-ios-sdk" */;
			productName = "FirebaseFirestoreCombine-Community";
		};
		56C5972E2B9ADECD00BBB64D /* FirebaseFirestoreSwift */ = {
			isa = XCSwiftPackageProductDependency;
			package = 56C597112B9ADECC00BBB64D /* XCRemoteSwiftPackageReference "firebase-ios-sdk" */;
			productName = FirebaseFirestoreSwift;
		};
		56C597302B9ADECD00BBB64D /* FirebaseFunctions */ = {
			isa = XCSwiftPackageProductDependency;
			package = 56C597112B9ADECC00BBB64D /* XCRemoteSwiftPackageReference "firebase-ios-sdk" */;
			productName = FirebaseFunctions;
		};
		56C597322B9ADECD00BBB64D /* FirebaseFunctionsCombine-Community */ = {
			isa = XCSwiftPackageProductDependency;
			package = 56C597112B9ADECC00BBB64D /* XCRemoteSwiftPackageReference "firebase-ios-sdk" */;
			productName = "FirebaseFunctionsCombine-Community";
		};
		56C597342B9ADECD00BBB64D /* FirebaseInAppMessaging-Beta */ = {
			isa = XCSwiftPackageProductDependency;
			package = 56C597112B9ADECC00BBB64D /* XCRemoteSwiftPackageReference "firebase-ios-sdk" */;
			productName = "FirebaseInAppMessaging-Beta";
		};
		56C597362B9ADECD00BBB64D /* FirebaseInAppMessagingSwift-Beta */ = {
			isa = XCSwiftPackageProductDependency;
			package = 56C597112B9ADECC00BBB64D /* XCRemoteSwiftPackageReference "firebase-ios-sdk" */;
			productName = "FirebaseInAppMessagingSwift-Beta";
		};
		56C597382B9ADECD00BBB64D /* FirebaseInstallations */ = {
			isa = XCSwiftPackageProductDependency;
			package = 56C597112B9ADECC00BBB64D /* XCRemoteSwiftPackageReference "firebase-ios-sdk" */;
			productName = FirebaseInstallations;
		};
		56C5973A2B9ADECD00BBB64D /* FirebaseMLModelDownloader */ = {
			isa = XCSwiftPackageProductDependency;
			package = 56C597112B9ADECC00BBB64D /* XCRemoteSwiftPackageReference "firebase-ios-sdk" */;
			productName = FirebaseMLModelDownloader;
		};
		56C5973C2B9ADECD00BBB64D /* FirebaseMessaging */ = {
			isa = XCSwiftPackageProductDependency;
			package = 56C597112B9ADECC00BBB64D /* XCRemoteSwiftPackageReference "firebase-ios-sdk" */;
			productName = FirebaseMessaging;
		};
		56C5973E2B9ADECD00BBB64D /* FirebasePerformance */ = {
			isa = XCSwiftPackageProductDependency;
			package = 56C597112B9ADECC00BBB64D /* XCRemoteSwiftPackageReference "firebase-ios-sdk" */;
			productName = FirebasePerformance;
		};
		56C597402B9ADECD00BBB64D /* FirebaseRemoteConfig */ = {
			isa = XCSwiftPackageProductDependency;
			package = 56C597112B9ADECC00BBB64D /* XCRemoteSwiftPackageReference "firebase-ios-sdk" */;
			productName = FirebaseRemoteConfig;
		};
		56C597422B9ADECD00BBB64D /* FirebaseRemoteConfigSwift */ = {
			isa = XCSwiftPackageProductDependency;
			package = 56C597112B9ADECC00BBB64D /* XCRemoteSwiftPackageReference "firebase-ios-sdk" */;
			productName = FirebaseRemoteConfigSwift;
		};
		56C597442B9ADECD00BBB64D /* FirebaseStorage */ = {
			isa = XCSwiftPackageProductDependency;
			package = 56C597112B9ADECC00BBB64D /* XCRemoteSwiftPackageReference "firebase-ios-sdk" */;
			productName = FirebaseStorage;
		};
		56C597462B9ADECD00BBB64D /* FirebaseStorageCombine-Community */ = {
			isa = XCSwiftPackageProductDependency;
			package = 56C597112B9ADECC00BBB64D /* XCRemoteSwiftPackageReference "firebase-ios-sdk" */;
			productName = "FirebaseStorageCombine-Community";
		};
		9C398A342B8D290200B590DB /* YouTubePlayerKit */ = {
			isa = XCSwiftPackageProductDependency;
			package = 9C398A332B8D290200B590DB /* XCRemoteSwiftPackageReference "YouTubePlayerKit" */;
			productName = YouTubePlayerKit;
		};
/* End XCSwiftPackageProductDependency section */
	};
	rootObject = 9C6EF7A62B7D6830000F4A55 /* Project object */;
}
