// !$*UTF8*$!
{
	archiveVersion = 1;
	classes = {
	};
	objectVersion = 56;
	objects = {

/* Begin PBXBuildFile section */
		9C398A2E2B86745A00B590DB /* HomeView.swift in Sources */ = {isa = PBXBuildFile; fileRef = 9C398A2D2B86745A00B590DB /* HomeView.swift */; };
		9C398A302B86779900B590DB /* FAQView.swift in Sources */ = {isa = PBXBuildFile; fileRef = 9C398A2F2B86779900B590DB /* FAQView.swift */; };
		9C398A322B8D220000B590DB /* MeditationView.swift in Sources */ = {isa = PBXBuildFile; fileRef = 9C398A312B8D220000B590DB /* MeditationView.swift */; };
		9C398A352B8D290200B590DB /* YouTubePlayerKit in Frameworks */ = {isa = PBXBuildFile; productRef = 9C398A342B8D290200B590DB /* YouTubePlayerKit */; };
		9C398A372B8D36B200B590DB /* MyNavigationButton.swift in Sources */ = {isa = PBXBuildFile; fileRef = 9C398A362B8D36B200B590DB /* MyNavigationButton.swift */; };
		9C6EF7B22B7D6830000F4A55 /* PhantomLimbApp.swift in Sources */ = {isa = PBXBuildFile; fileRef = 9C6EF7B12B7D6830000F4A55 /* PhantomLimbApp.swift */; };
		9C6EF7B82B7D6832000F4A55 /* Assets.xcassets in Resources */ = {isa = PBXBuildFile; fileRef = 9C6EF7B72B7D6832000F4A55 /* Assets.xcassets */; };
		9C6EF7BB2B7D6832000F4A55 /* Preview Assets.xcassets in Resources */ = {isa = PBXBuildFile; fileRef = 9C6EF7BA2B7D6832000F4A55 /* Preview Assets.xcassets */; };
		9C6EF7C42B844F1E000F4A55 /* LoginPageView.swift in Sources */ = {isa = PBXBuildFile; fileRef = 9C6EF7C32B844F1E000F4A55 /* LoginPageView.swift */; };
		9C6EF7C92B85B44C000F4A55 /* User.swift in Sources */ = {isa = PBXBuildFile; fileRef = 9C6EF7C82B85B44C000F4A55 /* User.swift */; };
		9C6EF7CB2B8664B9000F4A55 /* MainPageView.swift in Sources */ = {isa = PBXBuildFile; fileRef = 9C6EF7CA2B8664B9000F4A55 /* MainPageView.swift */; };
		9C6EF7CD2B86653E000F4A55 /* ContentView.swift in Sources */ = {isa = PBXBuildFile; fileRef = 9C6EF7CC2B86653E000F4A55 /* ContentView.swift */; };
/* End PBXBuildFile section */

/* Begin PBXFileReference section */
		9C398A2D2B86745A00B590DB /* HomeView.swift */ = {isa = PBXFileReference; lastKnownFileType = sourcecode.swift; path = HomeView.swift; sourceTree = "<group>"; };
		9C398A2F2B86779900B590DB /* FAQView.swift */ = {isa = PBXFileReference; lastKnownFileType = sourcecode.swift; path = FAQView.swift; sourceTree = "<group>"; };
		9C398A312B8D220000B590DB /* MeditationView.swift */ = {isa = PBXFileReference; lastKnownFileType = sourcecode.swift; path = MeditationView.swift; sourceTree = "<group>"; };
		9C398A362B8D36B200B590DB /* MyNavigationButton.swift */ = {isa = PBXFileReference; lastKnownFileType = sourcecode.swift; path = MyNavigationButton.swift; sourceTree = "<group>"; };
		9C6EF7AE2B7D6830000F4A55 /* PhantomLimb.app */ = {isa = PBXFileReference; explicitFileType = wrapper.application; includeInIndex = 0; path = PhantomLimb.app; sourceTree = BUILT_PRODUCTS_DIR; };
		9C6EF7B12B7D6830000F4A55 /* PhantomLimbApp.swift */ = {isa = PBXFileReference; lastKnownFileType = sourcecode.swift; path = PhantomLimbApp.swift; sourceTree = "<group>"; };
		9C6EF7B72B7D6832000F4A55 /* Assets.xcassets */ = {isa = PBXFileReference; lastKnownFileType = folder.assetcatalog; path = Assets.xcassets; sourceTree = "<group>"; };
		9C6EF7BA2B7D6832000F4A55 /* Preview Assets.xcassets */ = {isa = PBXFileReference; lastKnownFileType = folder.assetcatalog; path = "Preview Assets.xcassets"; sourceTree = "<group>"; };
		9C6EF7C32B844F1E000F4A55 /* LoginPageView.swift */ = {isa = PBXFileReference; lastKnownFileType = sourcecode.swift; path = LoginPageView.swift; sourceTree = "<group>"; };
		9C6EF7C82B85B44C000F4A55 /* User.swift */ = {isa = PBXFileReference; lastKnownFileType = sourcecode.swift; path = User.swift; sourceTree = "<group>"; };
		9C6EF7CA2B8664B9000F4A55 /* MainPageView.swift */ = {isa = PBXFileReference; lastKnownFileType = sourcecode.swift; path = MainPageView.swift; sourceTree = "<group>"; };
		9C6EF7CC2B86653E000F4A55 /* ContentView.swift */ = {isa = PBXFileReference; lastKnownFileType = sourcecode.swift; path = ContentView.swift; sourceTree = "<group>"; };
/* End PBXFileReference section */

/* Begin PBXFrameworksBuildPhase section */
		9C6EF7AB2B7D6830000F4A55 /* Frameworks */ = {
			isa = PBXFrameworksBuildPhase;
			buildActionMask = 2147483647;
			files = (
				9C398A352B8D290200B590DB /* YouTubePlayerKit in Frameworks */,
			);
			runOnlyForDeploymentPostprocessing = 0;
		};
/* End PBXFrameworksBuildPhase section */

/* Begin PBXGroup section */
		9C6EF7A52B7D6830000F4A55 = {
			isa = PBXGroup;
			children = (
				9C6EF7B02B7D6830000F4A55 /* PhantomLimb */,
				9C6EF7AF2B7D6830000F4A55 /* Products */,
			);
			sourceTree = "<group>";
		};
		9C6EF7AF2B7D6830000F4A55 /* Products */ = {
			isa = PBXGroup;
			children = (
				9C6EF7AE2B7D6830000F4A55 /* PhantomLimb.app */,
			);
			name = Products;
			sourceTree = "<group>";
		};
		9C6EF7B02B7D6830000F4A55 /* PhantomLimb */ = {
			isa = PBXGroup;
			children = (
				9C6EF7B12B7D6830000F4A55 /* PhantomLimbApp.swift */,
				9C6EF7C12B8436C4000F4A55 /* View */,
				9C6EF7C22B8436D2000F4A55 /* Model */,
				9C6EF7C52B845323000F4A55 /* Support */,
				9C6EF7B72B7D6832000F4A55 /* Assets.xcassets */,
				9C6EF7B92B7D6832000F4A55 /* Preview Content */,
			);
			path = PhantomLimb;
			sourceTree = "<group>";
		};
		9C6EF7B92B7D6832000F4A55 /* Preview Content */ = {
			isa = PBXGroup;
			children = (
				9C6EF7BA2B7D6832000F4A55 /* Preview Assets.xcassets */,
			);
			path = "Preview Content";
			sourceTree = "<group>";
		};
		9C6EF7C12B8436C4000F4A55 /* View */ = {
			isa = PBXGroup;
			children = (
				9C6EF7C32B844F1E000F4A55 /* LoginPageView.swift */,
				9C6EF7CA2B8664B9000F4A55 /* MainPageView.swift */,
				9C6EF7CC2B86653E000F4A55 /* ContentView.swift */,
				9C398A2D2B86745A00B590DB /* HomeView.swift */,
				9C398A2F2B86779900B590DB /* FAQView.swift */,
				9C398A312B8D220000B590DB /* MeditationView.swift */,
			);
			path = View;
			sourceTree = "<group>";
		};
		9C6EF7C22B8436D2000F4A55 /* Model */ = {
			isa = PBXGroup;
			children = (
				9C6EF7C82B85B44C000F4A55 /* User.swift */,
			);
			path = Model;
			sourceTree = "<group>";
		};
		9C6EF7C52B845323000F4A55 /* Support */ = {
			isa = PBXGroup;
			children = (
				9C398A362B8D36B200B590DB /* MyNavigationButton.swift */,
			);
			path = Support;
			sourceTree = "<group>";
		};
/* End PBXGroup section */

/* Begin PBXNativeTarget section */
		9C6EF7AD2B7D6830000F4A55 /* PhantomLimb */ = {
			isa = PBXNativeTarget;
			buildConfigurationList = 9C6EF7BE2B7D6832000F4A55 /* Build configuration list for PBXNativeTarget "PhantomLimb" */;
			buildPhases = (
				9C6EF7AA2B7D6830000F4A55 /* Sources */,
				9C6EF7AB2B7D6830000F4A55 /* Frameworks */,
				9C6EF7AC2B7D6830000F4A55 /* Resources */,
			);
			buildRules = (
			);
			dependencies = (
			);
			name = PhantomLimb;
			packageProductDependencies = (
				9C398A342B8D290200B590DB /* YouTubePlayerKit */,
			);
			productName = PhantomLimb;
			productReference = 9C6EF7AE2B7D6830000F4A55 /* PhantomLimb.app */;
			productType = "com.apple.product-type.application";
		};
/* End PBXNativeTarget section */

/* Begin PBXProject section */
		9C6EF7A62B7D6830000F4A55 /* Project object */ = {
			isa = PBXProject;
			attributes = {
				BuildIndependentTargetsInParallel = 1;
				LastSwiftUpdateCheck = 1520;
				LastUpgradeCheck = 1520;
				TargetAttributes = {
					9C6EF7AD2B7D6830000F4A55 = {
						CreatedOnToolsVersion = 15.2;
					};
				};
			};
			buildConfigurationList = 9C6EF7A92B7D6830000F4A55 /* Build configuration list for PBXProject "PhantomLimb" */;
			compatibilityVersion = "Xcode 14.0";
			developmentRegion = en;
			hasScannedForEncodings = 0;
			knownRegions = (
				en,
				Base,
			);
			mainGroup = 9C6EF7A52B7D6830000F4A55;
			packageReferences = (
				9C398A332B8D290200B590DB /* XCRemoteSwiftPackageReference "YouTubePlayerKit" */,
			);
			productRefGroup = 9C6EF7AF2B7D6830000F4A55 /* Products */;
			projectDirPath = "";
			projectRoot = "";
			targets = (
				9C6EF7AD2B7D6830000F4A55 /* PhantomLimb */,
			);
		};
/* End PBXProject section */

/* Begin PBXResourcesBuildPhase section */
		9C6EF7AC2B7D6830000F4A55 /* Resources */ = {
			isa = PBXResourcesBuildPhase;
			buildActionMask = 2147483647;
			files = (
				9C6EF7BB2B7D6832000F4A55 /* Preview Assets.xcassets in Resources */,
				9C6EF7B82B7D6832000F4A55 /* Assets.xcassets in Resources */,
			);
			runOnlyForDeploymentPostprocessing = 0;
		};
/* End PBXResourcesBuildPhase section */

/* Begin PBXSourcesBuildPhase section */
		9C6EF7AA2B7D6830000F4A55 /* Sources */ = {
			isa = PBXSourcesBuildPhase;
			buildActionMask = 2147483647;
			files = (
				9C398A322B8D220000B590DB /* MeditationView.swift in Sources */,
				9C6EF7B22B7D6830000F4A55 /* PhantomLimbApp.swift in Sources */,
				9C6EF7CD2B86653E000F4A55 /* ContentView.swift in Sources */,
				9C398A372B8D36B200B590DB /* MyNavigationButton.swift in Sources */,
				9C6EF7C42B844F1E000F4A55 /* LoginPageView.swift in Sources */,
				9C398A2E2B86745A00B590DB /* HomeView.swift in Sources */,
				9C398A302B86779900B590DB /* FAQView.swift in Sources */,
				9C6EF7CB2B8664B9000F4A55 /* MainPageView.swift in Sources */,
				9C6EF7C92B85B44C000F4A55 /* User.swift in Sources */,
			);
			runOnlyForDeploymentPostprocessing = 0;
		};
/* End PBXSourcesBuildPhase section */

/* Begin XCBuildConfiguration section */
		9C6EF7BC2B7D6832000F4A55 /* Debug */ = {
			isa = XCBuildConfiguration;
			buildSettings = {
				ALWAYS_SEARCH_USER_PATHS = NO;
				ASSETCATALOG_COMPILER_GENERATE_SWIFT_ASSET_SYMBOL_EXTENSIONS = YES;
				CLANG_ANALYZER_NONNULL = YES;
				CLANG_ANALYZER_NUMBER_OBJECT_CONVERSION = YES_AGGRESSIVE;
				CLANG_CXX_LANGUAGE_STANDARD = "gnu++20";
				CLANG_ENABLE_MODULES = YES;
				CLANG_ENABLE_OBJC_ARC = YES;
				CLANG_ENABLE_OBJC_WEAK = YES;
				CLANG_WARN_BLOCK_CAPTURE_AUTORELEASING = YES;
				CLANG_WARN_BOOL_CONVERSION = YES;
				CLANG_WARN_COMMA = YES;
				CLANG_WARN_CONSTANT_CONVERSION = YES;
				CLANG_WARN_DEPRECATED_OBJC_IMPLEMENTATIONS = YES;
				CLANG_WARN_DIRECT_OBJC_ISA_USAGE = YES_ERROR;
				CLANG_WARN_DOCUMENTATION_COMMENTS = YES;
				CLANG_WARN_EMPTY_BODY = YES;
				CLANG_WARN_ENUM_CONVERSION = YES;
				CLANG_WARN_INFINITE_RECURSION = YES;
				CLANG_WARN_INT_CONVERSION = YES;
				CLANG_WARN_NON_LITERAL_NULL_CONVERSION = YES;
				CLANG_WARN_OBJC_IMPLICIT_RETAIN_SELF = YES;
				CLANG_WARN_OBJC_LITERAL_CONVERSION = YES;
				CLANG_WARN_OBJC_ROOT_CLASS = YES_ERROR;
				CLANG_WARN_QUOTED_INCLUDE_IN_FRAMEWORK_HEADER = YES;
				CLANG_WARN_RANGE_LOOP_ANALYSIS = YES;
				CLANG_WARN_STRICT_PROTOTYPES = YES;
				CLANG_WARN_SUSPICIOUS_MOVE = YES;
				CLANG_WARN_UNGUARDED_AVAILABILITY = YES_AGGRESSIVE;
				CLANG_WARN_UNREACHABLE_CODE = YES;
				CLANG_WARN__DUPLICATE_METHOD_MATCH = YES;
				COPY_PHASE_STRIP = NO;
				DEBUG_INFORMATION_FORMAT = dwarf;
				ENABLE_STRICT_OBJC_MSGSEND = YES;
				ENABLE_TESTABILITY = YES;
				ENABLE_USER_SCRIPT_SANDBOXING = YES;
				GCC_C_LANGUAGE_STANDARD = gnu17;
				GCC_DYNAMIC_NO_PIC = NO;
				GCC_NO_COMMON_BLOCKS = YES;
				GCC_OPTIMIZATION_LEVEL = 0;
				GCC_PREPROCESSOR_DEFINITIONS = (
					"DEBUG=1",
					"$(inherited)",
				);
				GCC_WARN_64_TO_32_BIT_CONVERSION = YES;
				GCC_WARN_ABOUT_RETURN_TYPE = YES_ERROR;
				GCC_WARN_UNDECLARED_SELECTOR = YES;
				GCC_WARN_UNINITIALIZED_AUTOS = YES_AGGRESSIVE;
				GCC_WARN_UNUSED_FUNCTION = YES;
				GCC_WARN_UNUSED_VARIABLE = YES;
				IPHONEOS_DEPLOYMENT_TARGET = 17.2;
				LOCALIZATION_PREFERS_STRING_CATALOGS = YES;
				MTL_ENABLE_DEBUG_INFO = INCLUDE_SOURCE;
				MTL_FAST_MATH = YES;
				ONLY_ACTIVE_ARCH = YES;
				SDKROOT = iphoneos;
				SWIFT_ACTIVE_COMPILATION_CONDITIONS = "DEBUG $(inherited)";
				SWIFT_OPTIMIZATION_LEVEL = "-Onone";
			};
			name = Debug;
		};
		9C6EF7BD2B7D6832000F4A55 /* Release */ = {
			isa = XCBuildConfiguration;
			buildSettings = {
				ALWAYS_SEARCH_USER_PATHS = NO;
				ASSETCATALOG_COMPILER_GENERATE_SWIFT_ASSET_SYMBOL_EXTENSIONS = YES;
				CLANG_ANALYZER_NONNULL = YES;
				CLANG_ANALYZER_NUMBER_OBJECT_CONVERSION = YES_AGGRESSIVE;
				CLANG_CXX_LANGUAGE_STANDARD = "gnu++20";
				CLANG_ENABLE_MODULES = YES;
				CLANG_ENABLE_OBJC_ARC = YES;
				CLANG_ENABLE_OBJC_WEAK = YES;
				CLANG_WARN_BLOCK_CAPTURE_AUTORELEASING = YES;
				CLANG_WARN_BOOL_CONVERSION = YES;
				CLANG_WARN_COMMA = YES;
				CLANG_WARN_CONSTANT_CONVERSION = YES;
				CLANG_WARN_DEPRECATED_OBJC_IMPLEMENTATIONS = YES;
				CLANG_WARN_DIRECT_OBJC_ISA_USAGE = YES_ERROR;
				CLANG_WARN_DOCUMENTATION_COMMENTS = YES;
				CLANG_WARN_EMPTY_BODY = YES;
				CLANG_WARN_ENUM_CONVERSION = YES;
				CLANG_WARN_INFINITE_RECURSION = YES;
				CLANG_WARN_INT_CONVERSION = YES;
				CLANG_WARN_NON_LITERAL_NULL_CONVERSION = YES;
				CLANG_WARN_OBJC_IMPLICIT_RETAIN_SELF = YES;
				CLANG_WARN_OBJC_LITERAL_CONVERSION = YES;
				CLANG_WARN_OBJC_ROOT_CLASS = YES_ERROR;
				CLANG_WARN_QUOTED_INCLUDE_IN_FRAMEWORK_HEADER = YES;
				CLANG_WARN_RANGE_LOOP_ANALYSIS = YES;
				CLANG_WARN_STRICT_PROTOTYPES = YES;
				CLANG_WARN_SUSPICIOUS_MOVE = YES;
				CLANG_WARN_UNGUARDED_AVAILABILITY = YES_AGGRESSIVE;
				CLANG_WARN_UNREACHABLE_CODE = YES;
				CLANG_WARN__DUPLICATE_METHOD_MATCH = YES;
				COPY_PHASE_STRIP = NO;
				DEBUG_INFORMATION_FORMAT = "dwarf-with-dsym";
				ENABLE_NS_ASSERTIONS = NO;
				ENABLE_STRICT_OBJC_MSGSEND = YES;
				ENABLE_USER_SCRIPT_SANDBOXING = YES;
				GCC_C_LANGUAGE_STANDARD = gnu17;
				GCC_NO_COMMON_BLOCKS = YES;
				GCC_WARN_64_TO_32_BIT_CONVERSION = YES;
				GCC_WARN_ABOUT_RETURN_TYPE = YES_ERROR;
				GCC_WARN_UNDECLARED_SELECTOR = YES;
				GCC_WARN_UNINITIALIZED_AUTOS = YES_AGGRESSIVE;
				GCC_WARN_UNUSED_FUNCTION = YES;
				GCC_WARN_UNUSED_VARIABLE = YES;
				IPHONEOS_DEPLOYMENT_TARGET = 17.2;
				LOCALIZATION_PREFERS_STRING_CATALOGS = YES;
				MTL_ENABLE_DEBUG_INFO = NO;
				MTL_FAST_MATH = YES;
				SDKROOT = iphoneos;
				SWIFT_COMPILATION_MODE = wholemodule;
				VALIDATE_PRODUCT = YES;
			};
			name = Release;
		};
		9C6EF7BF2B7D6832000F4A55 /* Debug */ = {
			isa = XCBuildConfiguration;
			buildSettings = {
				ASSETCATALOG_COMPILER_APPICON_NAME = AppIcon;
				ASSETCATALOG_COMPILER_GLOBAL_ACCENT_COLOR_NAME = AccentColor;
				CODE_SIGN_STYLE = Automatic;
				CURRENT_PROJECT_VERSION = 1;
				DEVELOPMENT_ASSET_PATHS = "\"PhantomLimb/Preview Content\"";
				DEVELOPMENT_TEAM = U6J58C8CJT;
				ENABLE_PREVIEWS = YES;
				GENERATE_INFOPLIST_FILE = YES;
				INFOPLIST_KEY_UIApplicationSceneManifest_Generation = YES;
				INFOPLIST_KEY_UIApplicationSupportsIndirectInputEvents = YES;
				INFOPLIST_KEY_UILaunchScreen_Generation = YES;
				INFOPLIST_KEY_UISupportedInterfaceOrientations_iPad = "UIInterfaceOrientationPortrait UIInterfaceOrientationPortraitUpsideDown UIInterfaceOrientationLandscapeLeft UIInterfaceOrientationLandscapeRight";
				INFOPLIST_KEY_UISupportedInterfaceOrientations_iPhone = "UIInterfaceOrientationPortrait UIInterfaceOrientationLandscapeLeft UIInterfaceOrientationLandscapeRight";
				LD_RUNPATH_SEARCH_PATHS = (
					"$(inherited)",
					"@executable_path/Frameworks",
				);
				MARKETING_VERSION = 1.0;
				PRODUCT_BUNDLE_IDENTIFIER = edu.duke.xz353.PhantomLimb;
				PRODUCT_NAME = "$(TARGET_NAME)";
				SWIFT_EMIT_LOC_STRINGS = YES;
				SWIFT_VERSION = 5.0;
				TARGETED_DEVICE_FAMILY = "1,2";
			};
			name = Debug;
		};
		9C6EF7C02B7D6832000F4A55 /* Release */ = {
			isa = XCBuildConfiguration;
			buildSettings = {
				ASSETCATALOG_COMPILER_APPICON_NAME = AppIcon;
				ASSETCATALOG_COMPILER_GLOBAL_ACCENT_COLOR_NAME = AccentColor;
				CODE_SIGN_STYLE = Automatic;
				CURRENT_PROJECT_VERSION = 1;
				DEVELOPMENT_ASSET_PATHS = "\"PhantomLimb/Preview Content\"";
				DEVELOPMENT_TEAM = U6J58C8CJT;
				ENABLE_PREVIEWS = YES;
				GENERATE_INFOPLIST_FILE = YES;
				INFOPLIST_KEY_UIApplicationSceneManifest_Generation = YES;
				INFOPLIST_KEY_UIApplicationSupportsIndirectInputEvents = YES;
				INFOPLIST_KEY_UILaunchScreen_Generation = YES;
				INFOPLIST_KEY_UISupportedInterfaceOrientations_iPad = "UIInterfaceOrientationPortrait UIInterfaceOrientationPortraitUpsideDown UIInterfaceOrientationLandscapeLeft UIInterfaceOrientationLandscapeRight";
				INFOPLIST_KEY_UISupportedInterfaceOrientations_iPhone = "UIInterfaceOrientationPortrait UIInterfaceOrientationLandscapeLeft UIInterfaceOrientationLandscapeRight";
				LD_RUNPATH_SEARCH_PATHS = (
					"$(inherited)",
					"@executable_path/Frameworks",
				);
				MARKETING_VERSION = 1.0;
				PRODUCT_BUNDLE_IDENTIFIER = edu.duke.xz353.PhantomLimb;
				PRODUCT_NAME = "$(TARGET_NAME)";
				SWIFT_EMIT_LOC_STRINGS = YES;
				SWIFT_VERSION = 5.0;
				TARGETED_DEVICE_FAMILY = "1,2";
			};
			name = Release;
		};
/* End XCBuildConfiguration section */

/* Begin XCConfigurationList section */
		9C6EF7A92B7D6830000F4A55 /* Build configuration list for PBXProject "PhantomLimb" */ = {
			isa = XCConfigurationList;
			buildConfigurations = (
				9C6EF7BC2B7D6832000F4A55 /* Debug */,
				9C6EF7BD2B7D6832000F4A55 /* Release */,
			);
			defaultConfigurationIsVisible = 0;
			defaultConfigurationName = Release;
		};
		9C6EF7BE2B7D6832000F4A55 /* Build configuration list for PBXNativeTarget "PhantomLimb" */ = {
			isa = XCConfigurationList;
			buildConfigurations = (
				9C6EF7BF2B7D6832000F4A55 /* Debug */,
				9C6EF7C02B7D6832000F4A55 /* Release */,
			);
			defaultConfigurationIsVisible = 0;
			defaultConfigurationName = Release;
		};
/* End XCConfigurationList section */

/* Begin XCRemoteSwiftPackageReference section */
		9C398A332B8D290200B590DB /* XCRemoteSwiftPackageReference "YouTubePlayerKit" */ = {
			isa = XCRemoteSwiftPackageReference;
			repositoryURL = "https://github.com/SvenTiigi/YouTubePlayerKit.git";
			requirement = {
				kind = upToNextMajorVersion;
				minimumVersion = 1.7.0;
			};
		};
/* End XCRemoteSwiftPackageReference section */

/* Begin XCSwiftPackageProductDependency section */
		9C398A342B8D290200B590DB /* YouTubePlayerKit */ = {
			isa = XCSwiftPackageProductDependency;
			package = 9C398A332B8D290200B590DB /* XCRemoteSwiftPackageReference "YouTubePlayerKit" */;
			productName = YouTubePlayerKit;
		};
/* End XCSwiftPackageProductDependency section */
	};
	rootObject = 9C6EF7A62B7D6830000F4A55 /* Project object */;
}
